// !$*UTF8*$!
{
	archiveVersion = 1;
	classes = {
	};
	objectVersion = 51;
	objects = {

/* Begin PBXBuildFile section */
		0DA2396BC77B83DDD4F30E53 /* Pods_BTStream.framework in Frameworks */ = {isa = PBXBuildFile; fileRef = B0AD740ACEBA284567459C37 /* Pods_BTStream.framework */; };
		267E951D2554F6FD00AEDAB2 /* Type1.swift in Sources */ = {isa = PBXBuildFile; fileRef = 267E951C2554F6FD00AEDAB2 /* Type1.swift */; };
		267E9520255518CD00AEDAB2 /* NewsDetailController.swift in Sources */ = {isa = PBXBuildFile; fileRef = 267E951F255518CD00AEDAB2 /* NewsDetailController.swift */; };
		BAB6849A25554EE300BD5AF9 /* MembersViewController.swift in Sources */ = {isa = PBXBuildFile; fileRef = BAB6849925554EE300BD5AF9 /* MembersViewController.swift */; };
		BAB684B22555645400BD5AF9 /* MembersCell.swift in Sources */ = {isa = PBXBuildFile; fileRef = BAB684B12555645400BD5AF9 /* MembersCell.swift */; };
		BAB684B52555737300BD5AF9 /* RecommendViewController.swift in Sources */ = {isa = PBXBuildFile; fileRef = BAB684B42555737300BD5AF9 /* RecommendViewController.swift */; };
		BAB684BF255598C200BD5AF9 /* RecommendCell.swift in Sources */ = {isa = PBXBuildFile; fileRef = BAB684BE255598C200BD5AF9 /* RecommendCell.swift */; };
		BAB684FD255AC3DD00BD5AF9 /* YoutubePlayerViewController.swift in Sources */ = {isa = PBXBuildFile; fileRef = BAB684FC255AC3DD00BD5AF9 /* YoutubePlayerViewController.swift */; };
		BAD86A6C254BFF9E009351AE /* AppDelegate.swift in Sources */ = {isa = PBXBuildFile; fileRef = BAD86A6B254BFF9E009351AE /* AppDelegate.swift */; };
		BAD86A6E254BFF9E009351AE /* SceneDelegate.swift in Sources */ = {isa = PBXBuildFile; fileRef = BAD86A6D254BFF9E009351AE /* SceneDelegate.swift */; };
		BAD86A73254BFF9E009351AE /* Main.storyboard in Resources */ = {isa = PBXBuildFile; fileRef = BAD86A71254BFF9E009351AE /* Main.storyboard */; };
		BAD86A75254BFFA0009351AE /* Assets.xcassets in Resources */ = {isa = PBXBuildFile; fileRef = BAD86A74254BFFA0009351AE /* Assets.xcassets */; };
		BAD86A78254BFFA0009351AE /* LaunchScreen.storyboard in Resources */ = {isa = PBXBuildFile; fileRef = BAD86A76254BFFA0009351AE /* LaunchScreen.storyboard */; };
		BAD86A81254C36E3009351AE /* LoginViewController.swift in Sources */ = {isa = PBXBuildFile; fileRef = BAD86A80254C36E3009351AE /* LoginViewController.swift */; };
		BAD86A84254C36F6009351AE /* HomeViewController.swift in Sources */ = {isa = PBXBuildFile; fileRef = BAD86A83254C36F6009351AE /* HomeViewController.swift */; };
		BAD86A8B254C3723009351AE /* CalendarViewController.swift in Sources */ = {isa = PBXBuildFile; fileRef = BAD86A8A254C3723009351AE /* CalendarViewController.swift */; };
		BAD86A8E254C372D009351AE /* NewsViewController.swift in Sources */ = {isa = PBXBuildFile; fileRef = BAD86A8D254C372D009351AE /* NewsViewController.swift */; };
		BAD86A91254C373D009351AE /* FeedViewController.swift in Sources */ = {isa = PBXBuildFile; fileRef = BAD86A90254C373D009351AE /* FeedViewController.swift */; };
		BAD86A94254C3755009351AE /* SetViewController.swift in Sources */ = {isa = PBXBuildFile; fileRef = BAD86A93254C3755009351AE /* SetViewController.swift */; };
/* End PBXBuildFile section */

/* Begin PBXFileReference section */
		267E951C2554F6FD00AEDAB2 /* Type1.swift */ = {isa = PBXFileReference; lastKnownFileType = sourcecode.swift; path = Type1.swift; sourceTree = "<group>"; };
		267E951F255518CD00AEDAB2 /* NewsDetailController.swift */ = {isa = PBXFileReference; lastKnownFileType = sourcecode.swift; path = NewsDetailController.swift; sourceTree = "<group>"; };
		26FA4C46254EA1330008BA7F /* BTStream.entitlements */ = {isa = PBXFileReference; lastKnownFileType = text.plist.entitlements; path = BTStream.entitlements; sourceTree = "<group>"; };
		94FD808D7390FDF06495F90F /* Pods-BTStream.release.xcconfig */ = {isa = PBXFileReference; includeInIndex = 1; lastKnownFileType = text.xcconfig; name = "Pods-BTStream.release.xcconfig"; path = "Target Support Files/Pods-BTStream/Pods-BTStream.release.xcconfig"; sourceTree = "<group>"; };
		B0AD740ACEBA284567459C37 /* Pods_BTStream.framework */ = {isa = PBXFileReference; explicitFileType = wrapper.framework; includeInIndex = 0; path = Pods_BTStream.framework; sourceTree = BUILT_PRODUCTS_DIR; };
		BAB6849925554EE300BD5AF9 /* MembersViewController.swift */ = {isa = PBXFileReference; lastKnownFileType = sourcecode.swift; path = MembersViewController.swift; sourceTree = "<group>"; };
		BAB684B12555645400BD5AF9 /* MembersCell.swift */ = {isa = PBXFileReference; lastKnownFileType = sourcecode.swift; path = MembersCell.swift; sourceTree = "<group>"; };
		BAB684B42555737300BD5AF9 /* RecommendViewController.swift */ = {isa = PBXFileReference; lastKnownFileType = sourcecode.swift; path = RecommendViewController.swift; sourceTree = "<group>"; };
		BAB684BE255598C200BD5AF9 /* RecommendCell.swift */ = {isa = PBXFileReference; lastKnownFileType = sourcecode.swift; path = RecommendCell.swift; sourceTree = "<group>"; };
		BAB684FC255AC3DD00BD5AF9 /* YoutubePlayerViewController.swift */ = {isa = PBXFileReference; lastKnownFileType = sourcecode.swift; path = YoutubePlayerViewController.swift; sourceTree = "<group>"; };
		BAD86A68254BFF9E009351AE /* BTStream.app */ = {isa = PBXFileReference; explicitFileType = wrapper.application; includeInIndex = 0; path = BTStream.app; sourceTree = BUILT_PRODUCTS_DIR; };
		BAD86A6B254BFF9E009351AE /* AppDelegate.swift */ = {isa = PBXFileReference; lastKnownFileType = sourcecode.swift; path = AppDelegate.swift; sourceTree = "<group>"; };
		BAD86A6D254BFF9E009351AE /* SceneDelegate.swift */ = {isa = PBXFileReference; lastKnownFileType = sourcecode.swift; path = SceneDelegate.swift; sourceTree = "<group>"; };
		BAD86A72254BFF9E009351AE /* Base */ = {isa = PBXFileReference; lastKnownFileType = file.storyboard; name = Base; path = Base.lproj/Main.storyboard; sourceTree = "<group>"; };
		BAD86A74254BFFA0009351AE /* Assets.xcassets */ = {isa = PBXFileReference; lastKnownFileType = folder.assetcatalog; path = Assets.xcassets; sourceTree = "<group>"; };
		BAD86A77254BFFA0009351AE /* Base */ = {isa = PBXFileReference; lastKnownFileType = file.storyboard; name = Base; path = Base.lproj/LaunchScreen.storyboard; sourceTree = "<group>"; };
		BAD86A79254BFFA0009351AE /* Info.plist */ = {isa = PBXFileReference; lastKnownFileType = text.plist.xml; path = Info.plist; sourceTree = "<group>"; };
		BAD86A80254C36E3009351AE /* LoginViewController.swift */ = {isa = PBXFileReference; lastKnownFileType = sourcecode.swift; path = LoginViewController.swift; sourceTree = "<group>"; };
		BAD86A83254C36F6009351AE /* HomeViewController.swift */ = {isa = PBXFileReference; lastKnownFileType = sourcecode.swift; path = HomeViewController.swift; sourceTree = "<group>"; };
		BAD86A8A254C3723009351AE /* CalendarViewController.swift */ = {isa = PBXFileReference; lastKnownFileType = sourcecode.swift; path = CalendarViewController.swift; sourceTree = "<group>"; };
		BAD86A8D254C372D009351AE /* NewsViewController.swift */ = {isa = PBXFileReference; lastKnownFileType = sourcecode.swift; path = NewsViewController.swift; sourceTree = "<group>"; };
		BAD86A90254C373D009351AE /* FeedViewController.swift */ = {isa = PBXFileReference; lastKnownFileType = sourcecode.swift; path = FeedViewController.swift; sourceTree = "<group>"; };
		BAD86A93254C3755009351AE /* SetViewController.swift */ = {isa = PBXFileReference; lastKnownFileType = sourcecode.swift; path = SetViewController.swift; sourceTree = "<group>"; };
		F4F5F5DFA7ACE29281A0CD8B /* Pods-BTStream.debug.xcconfig */ = {isa = PBXFileReference; includeInIndex = 1; lastKnownFileType = text.xcconfig; name = "Pods-BTStream.debug.xcconfig"; path = "Target Support Files/Pods-BTStream/Pods-BTStream.debug.xcconfig"; sourceTree = "<group>"; };
/* End PBXFileReference section */

/* Begin PBXFrameworksBuildPhase section */
		BAD86A65254BFF9E009351AE /* Frameworks */ = {
			isa = PBXFrameworksBuildPhase;
			buildActionMask = 2147483647;
			files = (
				0DA2396BC77B83DDD4F30E53 /* Pods_BTStream.framework in Frameworks */,
			);
			runOnlyForDeploymentPostprocessing = 0;
		};
/* End PBXFrameworksBuildPhase section */

/* Begin PBXGroup section */
		BAD86A5F254BFF9E009351AE = {
			isa = PBXGroup;
			children = (
				BAD86A6A254BFF9E009351AE /* BTStream */,
				BAD86A69254BFF9E009351AE /* Products */,
				BD2D591F40B16AEFF31FECF8 /* Pods */,
				D72CABE9E54B69EF57AA9DDE /* Frameworks */,
			);
			sourceTree = "<group>";
		};
		BAD86A69254BFF9E009351AE /* Products */ = {
			isa = PBXGroup;
			children = (
				BAD86A68254BFF9E009351AE /* BTStream.app */,
			);
			name = Products;
			sourceTree = "<group>";
		};
		BAD86A6A254BFF9E009351AE /* BTStream */ = {
			isa = PBXGroup;
			children = (
				26FA4C46254EA1330008BA7F /* BTStream.entitlements */,
				BAD86A6B254BFF9E009351AE /* AppDelegate.swift */,
				BAD86A6D254BFF9E009351AE /* SceneDelegate.swift */,
				BAD86A71254BFF9E009351AE /* Main.storyboard */,
				BAB684FC255AC3DD00BD5AF9 /* YoutubePlayerViewController.swift */,
				BAD86A80254C36E3009351AE /* LoginViewController.swift */,
				BAD86A83254C36F6009351AE /* HomeViewController.swift */,
				BAB6849925554EE300BD5AF9 /* MembersViewController.swift */,
				BAB684B42555737300BD5AF9 /* RecommendViewController.swift */,
				BAB684BE255598C200BD5AF9 /* RecommendCell.swift */,
				BAB684B12555645400BD5AF9 /* MembersCell.swift */,
				BAD86A8A254C3723009351AE /* CalendarViewController.swift */,
				BAD86A8D254C372D009351AE /* NewsViewController.swift */,
				BAD86A90254C373D009351AE /* FeedViewController.swift */,
				BAD86A93254C3755009351AE /* SetViewController.swift */,
				BAD86A74254BFFA0009351AE /* Assets.xcassets */,
				BAD86A76254BFFA0009351AE /* LaunchScreen.storyboard */,
				BAD86A79254BFFA0009351AE /* Info.plist */,
				267E951C2554F6FD00AEDAB2 /* Type1.swift */,
				267E951F255518CD00AEDAB2 /* NewsDetailController.swift */,
			);
			path = BTStream;
			sourceTree = "<group>";
		};
		BD2D591F40B16AEFF31FECF8 /* Pods */ = {
			isa = PBXGroup;
			children = (
				F4F5F5DFA7ACE29281A0CD8B /* Pods-BTStream.debug.xcconfig */,
				94FD808D7390FDF06495F90F /* Pods-BTStream.release.xcconfig */,
			);
			path = Pods;
			sourceTree = "<group>";
		};
		D72CABE9E54B69EF57AA9DDE /* Frameworks */ = {
			isa = PBXGroup;
			children = (
				B0AD740ACEBA284567459C37 /* Pods_BTStream.framework */,
			);
			name = Frameworks;
			sourceTree = "<group>";
		};
/* End PBXGroup section */

/* Begin PBXNativeTarget section */
		BAD86A67254BFF9E009351AE /* BTStream */ = {
			isa = PBXNativeTarget;
			buildConfigurationList = BAD86A7C254BFFA0009351AE /* Build configuration list for PBXNativeTarget "BTStream" */;
			buildPhases = (
				5299E8E968DABB7EB515F3DB /* [CP] Check Pods Manifest.lock */,
				BAD86A64254BFF9E009351AE /* Sources */,
				BAD86A65254BFF9E009351AE /* Frameworks */,
				BAD86A66254BFF9E009351AE /* Resources */,
				96BFBFE782BC610D33D04A10 /* [CP] Embed Pods Frameworks */,
				CB09C8F18E39B432CEBEE43B /* [CP] Copy Pods Resources */,
			);
			buildRules = (
			);
			dependencies = (
			);
			name = BTStream;
			packageProductDependencies = (
			);
			productName = BTStream;
			productReference = BAD86A68254BFF9E009351AE /* BTStream.app */;
			productType = "com.apple.product-type.application";
		};
/* End PBXNativeTarget section */

/* Begin PBXProject section */
		BAD86A60254BFF9E009351AE /* Project object */ = {
			isa = PBXProject;
			attributes = {
				LastSwiftUpdateCheck = 1210;
				LastUpgradeCheck = 1210;
				TargetAttributes = {
					BAD86A67254BFF9E009351AE = {
						CreatedOnToolsVersion = 12.1;
					};
				};
			};
			buildConfigurationList = BAD86A63254BFF9E009351AE /* Build configuration list for PBXProject "BTStream" */;
			compatibilityVersion = "Xcode 9.3";
			developmentRegion = en;
			hasScannedForEncodings = 0;
			knownRegions = (
				en,
				Base,
			);
			mainGroup = BAD86A5F254BFF9E009351AE;
			packageReferences = (
			);
			productRefGroup = BAD86A69254BFF9E009351AE /* Products */;
			projectDirPath = "";
			projectRoot = "";
			targets = (
				BAD86A67254BFF9E009351AE /* BTStream */,
			);
		};
/* End PBXProject section */

/* Begin PBXResourcesBuildPhase section */
		BAD86A66254BFF9E009351AE /* Resources */ = {
			isa = PBXResourcesBuildPhase;
			buildActionMask = 2147483647;
			files = (
				BAD86A78254BFFA0009351AE /* LaunchScreen.storyboard in Resources */,
				BAD86A75254BFFA0009351AE /* Assets.xcassets in Resources */,
				BAD86A73254BFF9E009351AE /* Main.storyboard in Resources */,
			);
			runOnlyForDeploymentPostprocessing = 0;
		};
/* End PBXResourcesBuildPhase section */

/* Begin PBXShellScriptBuildPhase section */
		5299E8E968DABB7EB515F3DB /* [CP] Check Pods Manifest.lock */ = {
			isa = PBXShellScriptBuildPhase;
			buildActionMask = 2147483647;
			files = (
			);
			inputFileListPaths = (
			);
			inputPaths = (
				"${PODS_PODFILE_DIR_PATH}/Podfile.lock",
				"${PODS_ROOT}/Manifest.lock",
			);
			name = "[CP] Check Pods Manifest.lock";
			outputFileListPaths = (
			);
			outputPaths = (
				"$(DERIVED_FILE_DIR)/Pods-BTStream-checkManifestLockResult.txt",
			);
			runOnlyForDeploymentPostprocessing = 0;
			shellPath = /bin/sh;
			shellScript = "diff \"${PODS_PODFILE_DIR_PATH}/Podfile.lock\" \"${PODS_ROOT}/Manifest.lock\" > /dev/null\nif [ $? != 0 ] ; then\n    # print error to STDERR\n    echo \"error: The sandbox is not in sync with the Podfile.lock. Run 'pod install' or update your CocoaPods installation.\" >&2\n    exit 1\nfi\n# This output is used by Xcode 'outputs' to avoid re-running this script phase.\necho \"SUCCESS\" > \"${SCRIPT_OUTPUT_FILE_0}\"\n";
			showEnvVarsInLog = 0;
		};
		96BFBFE782BC610D33D04A10 /* [CP] Embed Pods Frameworks */ = {
			isa = PBXShellScriptBuildPhase;
			buildActionMask = 2147483647;
			files = (
			);
			inputFileListPaths = (
				"${PODS_ROOT}/Target Support Files/Pods-BTStream/Pods-BTStream-frameworks-${CONFIGURATION}-input-files.xcfilelist",
			);
			name = "[CP] Embed Pods Frameworks";
			outputFileListPaths = (
				"${PODS_ROOT}/Target Support Files/Pods-BTStream/Pods-BTStream-frameworks-${CONFIGURATION}-output-files.xcfilelist",
			);
			runOnlyForDeploymentPostprocessing = 0;
			shellPath = /bin/sh;
			shellScript = "\"${PODS_ROOT}/Target Support Files/Pods-BTStream/Pods-BTStream-frameworks.sh\"\n";
			showEnvVarsInLog = 0;
		};
		CB09C8F18E39B432CEBEE43B /* [CP] Copy Pods Resources */ = {
			isa = PBXShellScriptBuildPhase;
			buildActionMask = 2147483647;
			files = (
			);
			inputFileListPaths = (
				"${PODS_ROOT}/Target Support Files/Pods-BTStream/Pods-BTStream-resources-${CONFIGURATION}-input-files.xcfilelist",
			);
			name = "[CP] Copy Pods Resources";
			outputFileListPaths = (
				"${PODS_ROOT}/Target Support Files/Pods-BTStream/Pods-BTStream-resources-${CONFIGURATION}-output-files.xcfilelist",
			);
			runOnlyForDeploymentPostprocessing = 0;
			shellPath = /bin/sh;
			shellScript = "\"${PODS_ROOT}/Target Support Files/Pods-BTStream/Pods-BTStream-resources.sh\"\n";
			showEnvVarsInLog = 0;
		};
/* End PBXShellScriptBuildPhase section */

/* Begin PBXSourcesBuildPhase section */
		BAD86A64254BFF9E009351AE /* Sources */ = {
			isa = PBXSourcesBuildPhase;
			buildActionMask = 2147483647;
			files = (
				BAD86A8B254C3723009351AE /* CalendarViewController.swift in Sources */,
				267E9520255518CD00AEDAB2 /* NewsDetailController.swift in Sources */,
				BAB6849A25554EE300BD5AF9 /* MembersViewController.swift in Sources */,
				BAD86A94254C3755009351AE /* SetViewController.swift in Sources */,
				267E951D2554F6FD00AEDAB2 /* Type1.swift in Sources */,
				BAD86A84254C36F6009351AE /* HomeViewController.swift in Sources */,
				BAB684BF255598C200BD5AF9 /* RecommendCell.swift in Sources */,
				BAD86A81254C36E3009351AE /* LoginViewController.swift in Sources */,
				BAD86A8E254C372D009351AE /* NewsViewController.swift in Sources */,
				BAD86A6C254BFF9E009351AE /* AppDelegate.swift in Sources */,
				BAB684B22555645400BD5AF9 /* MembersCell.swift in Sources */,
				BAD86A91254C373D009351AE /* FeedViewController.swift in Sources */,
				BAB684FD255AC3DD00BD5AF9 /* YoutubePlayerViewController.swift in Sources */,
				BAD86A6E254BFF9E009351AE /* SceneDelegate.swift in Sources */,
				BAB684B52555737300BD5AF9 /* RecommendViewController.swift in Sources */,
			);
			runOnlyForDeploymentPostprocessing = 0;
		};
/* End PBXSourcesBuildPhase section */

/* Begin PBXVariantGroup section */
		BAD86A71254BFF9E009351AE /* Main.storyboard */ = {
			isa = PBXVariantGroup;
			children = (
				BAD86A72254BFF9E009351AE /* Base */,
			);
			name = Main.storyboard;
			sourceTree = "<group>";
		};
		BAD86A76254BFFA0009351AE /* LaunchScreen.storyboard */ = {
			isa = PBXVariantGroup;
			children = (
				BAD86A77254BFFA0009351AE /* Base */,
			);
			name = LaunchScreen.storyboard;
			sourceTree = "<group>";
		};
/* End PBXVariantGroup section */

/* Begin XCBuildConfiguration section */
		BAD86A7A254BFFA0009351AE /* Debug */ = {
			isa = XCBuildConfiguration;
			buildSettings = {
				ALWAYS_SEARCH_USER_PATHS = NO;
				CLANG_ANALYZER_NONNULL = YES;
				CLANG_ANALYZER_NUMBER_OBJECT_CONVERSION = YES_AGGRESSIVE;
				CLANG_CXX_LANGUAGE_STANDARD = "gnu++14";
				CLANG_CXX_LIBRARY = "libc++";
				CLANG_ENABLE_MODULES = YES;
				CLANG_ENABLE_OBJC_ARC = YES;
				CLANG_ENABLE_OBJC_WEAK = YES;
				CLANG_WARN_BLOCK_CAPTURE_AUTORELEASING = YES;
				CLANG_WARN_BOOL_CONVERSION = YES;
				CLANG_WARN_COMMA = YES;
				CLANG_WARN_CONSTANT_CONVERSION = YES;
				CLANG_WARN_DEPRECATED_OBJC_IMPLEMENTATIONS = YES;
				CLANG_WARN_DIRECT_OBJC_ISA_USAGE = YES_ERROR;
				CLANG_WARN_DOCUMENTATION_COMMENTS = YES;
				CLANG_WARN_EMPTY_BODY = YES;
				CLANG_WARN_ENUM_CONVERSION = YES;
				CLANG_WARN_INFINITE_RECURSION = YES;
				CLANG_WARN_INT_CONVERSION = YES;
				CLANG_WARN_NON_LITERAL_NULL_CONVERSION = YES;
				CLANG_WARN_OBJC_IMPLICIT_RETAIN_SELF = YES;
				CLANG_WARN_OBJC_LITERAL_CONVERSION = YES;
				CLANG_WARN_OBJC_ROOT_CLASS = YES_ERROR;
				CLANG_WARN_QUOTED_INCLUDE_IN_FRAMEWORK_HEADER = YES;
				CLANG_WARN_RANGE_LOOP_ANALYSIS = YES;
				CLANG_WARN_STRICT_PROTOTYPES = YES;
				CLANG_WARN_SUSPICIOUS_MOVE = YES;
				CLANG_WARN_UNGUARDED_AVAILABILITY = YES_AGGRESSIVE;
				CLANG_WARN_UNREACHABLE_CODE = YES;
				CLANG_WARN__DUPLICATE_METHOD_MATCH = YES;
				COPY_PHASE_STRIP = NO;
				DEBUG_INFORMATION_FORMAT = dwarf;
				ENABLE_STRICT_OBJC_MSGSEND = YES;
				ENABLE_TESTABILITY = YES;
				GCC_C_LANGUAGE_STANDARD = gnu11;
				GCC_DYNAMIC_NO_PIC = NO;
				GCC_NO_COMMON_BLOCKS = YES;
				GCC_OPTIMIZATION_LEVEL = 0;
				GCC_PREPROCESSOR_DEFINITIONS = (
					"DEBUG=1",
					"$(inherited)",
				);
				GCC_WARN_64_TO_32_BIT_CONVERSION = YES;
				GCC_WARN_ABOUT_RETURN_TYPE = YES_ERROR;
				GCC_WARN_UNDECLARED_SELECTOR = YES;
				GCC_WARN_UNINITIALIZED_AUTOS = YES_AGGRESSIVE;
				GCC_WARN_UNUSED_FUNCTION = YES;
				GCC_WARN_UNUSED_VARIABLE = YES;
				IPHONEOS_DEPLOYMENT_TARGET = 14.1;
				MTL_ENABLE_DEBUG_INFO = INCLUDE_SOURCE;
				MTL_FAST_MATH = YES;
				ONLY_ACTIVE_ARCH = YES;
				SDKROOT = iphoneos;
				SWIFT_ACTIVE_COMPILATION_CONDITIONS = DEBUG;
				SWIFT_OPTIMIZATION_LEVEL = "-Onone";
			};
			name = Debug;
		};
		BAD86A7B254BFFA0009351AE /* Release */ = {
			isa = XCBuildConfiguration;
			buildSettings = {
				ALWAYS_SEARCH_USER_PATHS = NO;
				CLANG_ANALYZER_NONNULL = YES;
				CLANG_ANALYZER_NUMBER_OBJECT_CONVERSION = YES_AGGRESSIVE;
				CLANG_CXX_LANGUAGE_STANDARD = "gnu++14";
				CLANG_CXX_LIBRARY = "libc++";
				CLANG_ENABLE_MODULES = YES;
				CLANG_ENABLE_OBJC_ARC = YES;
				CLANG_ENABLE_OBJC_WEAK = YES;
				CLANG_WARN_BLOCK_CAPTURE_AUTORELEASING = YES;
				CLANG_WARN_BOOL_CONVERSION = YES;
				CLANG_WARN_COMMA = YES;
				CLANG_WARN_CONSTANT_CONVERSION = YES;
				CLANG_WARN_DEPRECATED_OBJC_IMPLEMENTATIONS = YES;
				CLANG_WARN_DIRECT_OBJC_ISA_USAGE = YES_ERROR;
				CLANG_WARN_DOCUMENTATION_COMMENTS = YES;
				CLANG_WARN_EMPTY_BODY = YES;
				CLANG_WARN_ENUM_CONVERSION = YES;
				CLANG_WARN_INFINITE_RECURSION = YES;
				CLANG_WARN_INT_CONVERSION = YES;
				CLANG_WARN_NON_LITERAL_NULL_CONVERSION = YES;
				CLANG_WARN_OBJC_IMPLICIT_RETAIN_SELF = YES;
				CLANG_WARN_OBJC_LITERAL_CONVERSION = YES;
				CLANG_WARN_OBJC_ROOT_CLASS = YES_ERROR;
				CLANG_WARN_QUOTED_INCLUDE_IN_FRAMEWORK_HEADER = YES;
				CLANG_WARN_RANGE_LOOP_ANALYSIS = YES;
				CLANG_WARN_STRICT_PROTOTYPES = YES;
				CLANG_WARN_SUSPICIOUS_MOVE = YES;
				CLANG_WARN_UNGUARDED_AVAILABILITY = YES_AGGRESSIVE;
				CLANG_WARN_UNREACHABLE_CODE = YES;
				CLANG_WARN__DUPLICATE_METHOD_MATCH = YES;
				COPY_PHASE_STRIP = NO;
				DEBUG_INFORMATION_FORMAT = "dwarf-with-dsym";
				ENABLE_NS_ASSERTIONS = NO;
				ENABLE_STRICT_OBJC_MSGSEND = YES;
				GCC_C_LANGUAGE_STANDARD = gnu11;
				GCC_NO_COMMON_BLOCKS = YES;
				GCC_WARN_64_TO_32_BIT_CONVERSION = YES;
				GCC_WARN_ABOUT_RETURN_TYPE = YES_ERROR;
				GCC_WARN_UNDECLARED_SELECTOR = YES;
				GCC_WARN_UNINITIALIZED_AUTOS = YES_AGGRESSIVE;
				GCC_WARN_UNUSED_FUNCTION = YES;
				GCC_WARN_UNUSED_VARIABLE = YES;
				IPHONEOS_DEPLOYMENT_TARGET = 14.1;
				MTL_ENABLE_DEBUG_INFO = NO;
				MTL_FAST_MATH = YES;
				SDKROOT = iphoneos;
				SWIFT_COMPILATION_MODE = wholemodule;
				SWIFT_OPTIMIZATION_LEVEL = "-O";
				VALIDATE_PRODUCT = YES;
			};
			name = Release;
		};
		BAD86A7D254BFFA0009351AE /* Debug */ = {
			isa = XCBuildConfiguration;
			baseConfigurationReference = F4F5F5DFA7ACE29281A0CD8B /* Pods-BTStream.debug.xcconfig */;
			buildSettings = {
				ASSETCATALOG_COMPILER_APPICON_NAME = AppIcon;
				ASSETCATALOG_COMPILER_GLOBAL_ACCENT_COLOR_NAME = AccentColor;
				CODE_SIGN_ENTITLEMENTS = BTStream/BTStream.entitlements;
				CODE_SIGN_STYLE = Automatic;
				INFOPLIST_FILE = BTStream/Info.plist;
				LD_RUNPATH_SEARCH_PATHS = (
					"$(inherited)",
					"@executable_path/Frameworks",
				);
				PRODUCT_BUNDLE_IDENTIFIER = com.pazravine.BTStream;
				PRODUCT_NAME = "$(TARGET_NAME)";
				SWIFT_VERSION = 5.0;
				TARGETED_DEVICE_FAMILY = "1,2";
			};
			name = Debug;
		};
		BAD86A7E254BFFA0009351AE /* Release */ = {
			isa = XCBuildConfiguration;
			baseConfigurationReference = 94FD808D7390FDF06495F90F /* Pods-BTStream.release.xcconfig */;
			buildSettings = {
				ASSETCATALOG_COMPILER_APPICON_NAME = AppIcon;
				ASSETCATALOG_COMPILER_GLOBAL_ACCENT_COLOR_NAME = AccentColor;
				CODE_SIGN_ENTITLEMENTS = BTStream/BTStream.entitlements;
				CODE_SIGN_STYLE = Automatic;
				INFOPLIST_FILE = BTStream/Info.plist;
				LD_RUNPATH_SEARCH_PATHS = (
					"$(inherited)",
					"@executable_path/Frameworks",
				);
				PRODUCT_BUNDLE_IDENTIFIER = com.pazravine.BTStream;
				PRODUCT_NAME = "$(TARGET_NAME)";
				SWIFT_VERSION = 5.0;
				TARGETED_DEVICE_FAMILY = "1,2";
			};
			name = Release;
		};
/* End XCBuildConfiguration section */

/* Begin XCConfigurationList section */
		BAD86A63254BFF9E009351AE /* Build configuration list for PBXProject "BTStream" */ = {
			isa = XCConfigurationList;
			buildConfigurations = (
				BAD86A7A254BFFA0009351AE /* Debug */,
				BAD86A7B254BFFA0009351AE /* Release */,
			);
			defaultConfigurationIsVisible = 0;
			defaultConfigurationName = Release;
		};
		BAD86A7C254BFFA0009351AE /* Build configuration list for PBXNativeTarget "BTStream" */ = {
			isa = XCConfigurationList;
			buildConfigurations = (
				BAD86A7D254BFFA0009351AE /* Debug */,
				BAD86A7E254BFFA0009351AE /* Release */,
			);
			defaultConfigurationIsVisible = 0;
			defaultConfigurationName = Release;
		};
/* End XCConfigurationList section */
	};
	rootObject = BAD86A60254BFF9E009351AE /* Project object */;
}
